// !$*UTF8*$!
{
	archiveVersion = 1;
	classes = {
	};
	objectVersion = 56;
	objects = {

/* Begin PBXBuildFile section */
		C3435CCE2C9A05220052728F /* My_Clean_ArchitectureApp.swift in Sources */ = {isa = PBXBuildFile; fileRef = C3435CCD2C9A05220052728F /* My_Clean_ArchitectureApp.swift */; };
		C3435CD02C9A05220052728F /* ContentView.swift in Sources */ = {isa = PBXBuildFile; fileRef = C3435CCF2C9A05220052728F /* ContentView.swift */; };
		C3435CD22C9A05240052728F /* Assets.xcassets in Resources */ = {isa = PBXBuildFile; fileRef = C3435CD12C9A05240052728F /* Assets.xcassets */; };
		C3435CD52C9A05240052728F /* Preview Assets.xcassets in Resources */ = {isa = PBXBuildFile; fileRef = C3435CD42C9A05240052728F /* Preview Assets.xcassets */; };
		C3435CDD2C9A05790052728F /* Alamofire in Frameworks */ = {isa = PBXBuildFile; productRef = C3435CDC2C9A05790052728F /* Alamofire */; };
		C3435CE02C9A05850052728F /* Factory in Frameworks */ = {isa = PBXBuildFile; productRef = C3435CDF2C9A05850052728F /* Factory */; };
		C3435CE22C9A05910052728F /* .gitignore in Resources */ = {isa = PBXBuildFile; fileRef = C3435CE12C9A05910052728F /* .gitignore */; };
		C3435CE92C9A06790052728F /* Domain.swift in Sources */ = {isa = PBXBuildFile; fileRef = C3435CE82C9A06790052728F /* Domain.swift */; };
		C3435CEB2C9A067E0052728F /* Data.swift in Sources */ = {isa = PBXBuildFile; fileRef = C3435CEA2C9A067E0052728F /* Data.swift */; };
		C3435CEE2C9A079C0052728F /* NetworkService.swift in Sources */ = {isa = PBXBuildFile; fileRef = C3435CED2C9A079C0052728F /* NetworkService.swift */; };
		C3435CF02C9A07DC0052728F /* APIError.swift in Sources */ = {isa = PBXBuildFile; fileRef = C3435CEF2C9A07DC0052728F /* APIError.swift */; };
		C3435CF22C9A084C0052728F /* EndPoint.swift in Sources */ = {isa = PBXBuildFile; fileRef = C3435CF12C9A084C0052728F /* EndPoint.swift */; };
/* End PBXBuildFile section */

/* Begin PBXFileReference section */
		C3435CCA2C9A05220052728F /* My_Clean-Architecture.app */ = {isa = PBXFileReference; explicitFileType = wrapper.application; includeInIndex = 0; path = "My_Clean-Architecture.app"; sourceTree = BUILT_PRODUCTS_DIR; };
		C3435CCD2C9A05220052728F /* My_Clean_ArchitectureApp.swift */ = {isa = PBXFileReference; lastKnownFileType = sourcecode.swift; path = My_Clean_ArchitectureApp.swift; sourceTree = "<group>"; };
		C3435CCF2C9A05220052728F /* ContentView.swift */ = {isa = PBXFileReference; lastKnownFileType = sourcecode.swift; path = ContentView.swift; sourceTree = "<group>"; };
		C3435CD12C9A05240052728F /* Assets.xcassets */ = {isa = PBXFileReference; lastKnownFileType = folder.assetcatalog; path = Assets.xcassets; sourceTree = "<group>"; };
		C3435CD42C9A05240052728F /* Preview Assets.xcassets */ = {isa = PBXFileReference; lastKnownFileType = folder.assetcatalog; path = "Preview Assets.xcassets"; sourceTree = "<group>"; };
		C3435CE12C9A05910052728F /* .gitignore */ = {isa = PBXFileReference; lastKnownFileType = text; path = .gitignore; sourceTree = "<group>"; };
		C3435CE82C9A06790052728F /* Domain.swift */ = {isa = PBXFileReference; lastKnownFileType = sourcecode.swift; path = Domain.swift; sourceTree = "<group>"; };
		C3435CEA2C9A067E0052728F /* Data.swift */ = {isa = PBXFileReference; lastKnownFileType = sourcecode.swift; path = Data.swift; sourceTree = "<group>"; };
		C3435CED2C9A079C0052728F /* NetworkService.swift */ = {isa = PBXFileReference; lastKnownFileType = sourcecode.swift; path = NetworkService.swift; sourceTree = "<group>"; };
		C3435CEF2C9A07DC0052728F /* APIError.swift */ = {isa = PBXFileReference; lastKnownFileType = sourcecode.swift; path = APIError.swift; sourceTree = "<group>"; };
		C3435CF12C9A084C0052728F /* EndPoint.swift */ = {isa = PBXFileReference; lastKnownFileType = sourcecode.swift; path = EndPoint.swift; sourceTree = "<group>"; };
/* End PBXFileReference section */

/* Begin PBXFrameworksBuildPhase section */
		C3435CC72C9A05220052728F /* Frameworks */ = {
			isa = PBXFrameworksBuildPhase;
			buildActionMask = 2147483647;
			files = (
				C3435CDD2C9A05790052728F /* Alamofire in Frameworks */,
				C3435CE02C9A05850052728F /* Factory in Frameworks */,
			);
			runOnlyForDeploymentPostprocessing = 0;
		};
/* End PBXFrameworksBuildPhase section */

/* Begin PBXGroup section */
		C3435CC12C9A05220052728F = {
			isa = PBXGroup;
			children = (
				C3435CE12C9A05910052728F /* .gitignore */,
				C3435CCC2C9A05220052728F /* My_Clean-Architecture */,
				C3435CCB2C9A05220052728F /* Products */,
			);
			sourceTree = "<group>";
		};
		C3435CCB2C9A05220052728F /* Products */ = {
			isa = PBXGroup;
			children = (
				C3435CCA2C9A05220052728F /* My_Clean-Architecture.app */,
			);
			name = Products;
			sourceTree = "<group>";
		};
		C3435CCC2C9A05220052728F /* My_Clean-Architecture */ = {
			isa = PBXGroup;
			children = (
				C3435CCD2C9A05220052728F /* My_Clean_ArchitectureApp.swift */,
				C3435CE62C9A06340052728F /* Application */,
				C3435CE52C9A062E0052728F /* Presentation */,
				C3435CE42C9A06280052728F /* Domain */,
				C3435CE32C9A06240052728F /* Data */,
				C3435CD32C9A05240052728F /* Preview Content */,
			);
			path = "My_Clean-Architecture";
			sourceTree = "<group>";
		};
		C3435CD32C9A05240052728F /* Preview Content */ = {
			isa = PBXGroup;
			children = (
				C3435CD42C9A05240052728F /* Preview Assets.xcassets */,
			);
			path = "Preview Content";
			sourceTree = "<group>";
		};
		C3435CE32C9A06240052728F /* Data */ = {
			isa = PBXGroup;
			children = (
				C3435CEC2C9A07900052728F /* Network */,
				C3435CEA2C9A067E0052728F /* Data.swift */,
			);
			path = Data;
			sourceTree = "<group>";
		};
		C3435CE42C9A06280052728F /* Domain */ = {
			isa = PBXGroup;
			children = (
				C3435CE82C9A06790052728F /* Domain.swift */,
			);
			path = Domain;
			sourceTree = "<group>";
		};
		C3435CE52C9A062E0052728F /* Presentation */ = {
			isa = PBXGroup;
			children = (
				C3435CCF2C9A05220052728F /* ContentView.swift */,
			);
			path = Presentation;
			sourceTree = "<group>";
		};
		C3435CE62C9A06340052728F /* Application */ = {
			isa = PBXGroup;
			children = (
				C3435CE72C9A063E0052728F /* Resources */,
			);
			path = Application;
			sourceTree = "<group>";
		};
		C3435CE72C9A063E0052728F /* Resources */ = {
			isa = PBXGroup;
			children = (
				C3435CD12C9A05240052728F /* Assets.xcassets */,
			);
			path = Resources;
			sourceTree = "<group>";
		};
		C3435CEC2C9A07900052728F /* Network */ = {
			isa = PBXGroup;
			children = (
				C3435CED2C9A079C0052728F /* NetworkService.swift */,
				C3435CEF2C9A07DC0052728F /* APIError.swift */,
				C3435CF12C9A084C0052728F /* EndPoint.swift */,
			);
			path = Network;
			sourceTree = "<group>";
		};
/* End PBXGroup section */

/* Begin PBXNativeTarget section */
		C3435CC92C9A05220052728F /* My_Clean-Architecture */ = {
			isa = PBXNativeTarget;
			buildConfigurationList = C3435CD82C9A05240052728F /* Build configuration list for PBXNativeTarget "My_Clean-Architecture" */;
			buildPhases = (
				C3435CC62C9A05220052728F /* Sources */,
				C3435CC72C9A05220052728F /* Frameworks */,
				C3435CC82C9A05220052728F /* Resources */,
			);
			buildRules = (
			);
			dependencies = (
			);
			name = "My_Clean-Architecture";
			packageProductDependencies = (
				C3435CDC2C9A05790052728F /* Alamofire */,
				C3435CDF2C9A05850052728F /* Factory */,
			);
			productName = "My_Clean-Architecture";
			productReference = C3435CCA2C9A05220052728F /* My_Clean-Architecture.app */;
			productType = "com.apple.product-type.application";
		};
/* End PBXNativeTarget section */

/* Begin PBXProject section */
		C3435CC22C9A05220052728F /* Project object */ = {
			isa = PBXProject;
			attributes = {
				BuildIndependentTargetsInParallel = 1;
				LastSwiftUpdateCheck = 1530;
				LastUpgradeCheck = 1530;
				TargetAttributes = {
					C3435CC92C9A05220052728F = {
						CreatedOnToolsVersion = 15.3;
					};
				};
			};
			buildConfigurationList = C3435CC52C9A05220052728F /* Build configuration list for PBXProject "My_Clean-Architecture" */;
			compatibilityVersion = "Xcode 14.0";
			developmentRegion = en;
			hasScannedForEncodings = 0;
			knownRegions = (
				en,
				Base,
			);
			mainGroup = C3435CC12C9A05220052728F;
			packageReferences = (
				C3435CDB2C9A05790052728F /* XCRemoteSwiftPackageReference "Alamofire" */,
				C3435CDE2C9A05850052728F /* XCRemoteSwiftPackageReference "Factory" */,
			);
			productRefGroup = C3435CCB2C9A05220052728F /* Products */;
			projectDirPath = "";
			projectRoot = "";
			targets = (
				C3435CC92C9A05220052728F /* My_Clean-Architecture */,
			);
		};
/* End PBXProject section */

/* Begin PBXResourcesBuildPhase section */
		C3435CC82C9A05220052728F /* Resources */ = {
			isa = PBXResourcesBuildPhase;
			buildActionMask = 2147483647;
			files = (
				C3435CD52C9A05240052728F /* Preview Assets.xcassets in Resources */,
				C3435CE22C9A05910052728F /* .gitignore in Resources */,
				C3435CD22C9A05240052728F /* Assets.xcassets in Resources */,
			);
			runOnlyForDeploymentPostprocessing = 0;
		};
/* End PBXResourcesBuildPhase section */

/* Begin PBXSourcesBuildPhase section */
		C3435CC62C9A05220052728F /* Sources */ = {
			isa = PBXSourcesBuildPhase;
			buildActionMask = 2147483647;
			files = (
				C3435CEE2C9A079C0052728F /* NetworkService.swift in Sources */,
				C3435CD02C9A05220052728F /* ContentView.swift in Sources */,
				C3435CCE2C9A05220052728F /* My_Clean_ArchitectureApp.swift in Sources */,
				C3435CE92C9A06790052728F /* Domain.swift in Sources */,
				C3435CEB2C9A067E0052728F /* Data.swift in Sources */,
				C3435CF22C9A084C0052728F /* EndPoint.swift in Sources */,
				C3435CF02C9A07DC0052728F /* APIError.swift in Sources */,
			);
			runOnlyForDeploymentPostprocessing = 0;
		};
/* End PBXSourcesBuildPhase section */

/* Begin XCBuildConfiguration section */
		C3435CD62C9A05240052728F /* Debug */ = {
			isa = XCBuildConfiguration;
			buildSettings = {
				ALWAYS_SEARCH_USER_PATHS = NO;
				ASSETCATALOG_COMPILER_GENERATE_SWIFT_ASSET_SYMBOL_EXTENSIONS = YES;
				CLANG_ANALYZER_NONNULL = YES;
				CLANG_ANALYZER_NUMBER_OBJECT_CONVERSION = YES_AGGRESSIVE;
				CLANG_CXX_LANGUAGE_STANDARD = "gnu++20";
				CLANG_ENABLE_MODULES = YES;
				CLANG_ENABLE_OBJC_ARC = YES;
				CLANG_ENABLE_OBJC_WEAK = YES;
				CLANG_WARN_BLOCK_CAPTURE_AUTORELEASING = YES;
				CLANG_WARN_BOOL_CONVERSION = YES;
				CLANG_WARN_COMMA = YES;
				CLANG_WARN_CONSTANT_CONVERSION = YES;
				CLANG_WARN_DEPRECATED_OBJC_IMPLEMENTATIONS = YES;
				CLANG_WARN_DIRECT_OBJC_ISA_USAGE = YES_ERROR;
				CLANG_WARN_DOCUMENTATION_COMMENTS = YES;
				CLANG_WARN_EMPTY_BODY = YES;
				CLANG_WARN_ENUM_CONVERSION = YES;
				CLANG_WARN_INFINITE_RECURSION = YES;
				CLANG_WARN_INT_CONVERSION = YES;
				CLANG_WARN_NON_LITERAL_NULL_CONVERSION = YES;
				CLANG_WARN_OBJC_IMPLICIT_RETAIN_SELF = YES;
				CLANG_WARN_OBJC_LITERAL_CONVERSION = YES;
				CLANG_WARN_OBJC_ROOT_CLASS = YES_ERROR;
				CLANG_WARN_QUOTED_INCLUDE_IN_FRAMEWORK_HEADER = YES;
				CLANG_WARN_RANGE_LOOP_ANALYSIS = YES;
				CLANG_WARN_STRICT_PROTOTYPES = YES;
				CLANG_WARN_SUSPICIOUS_MOVE = YES;
				CLANG_WARN_UNGUARDED_AVAILABILITY = YES_AGGRESSIVE;
				CLANG_WARN_UNREACHABLE_CODE = YES;
				CLANG_WARN__DUPLICATE_METHOD_MATCH = YES;
				COPY_PHASE_STRIP = NO;
				DEBUG_INFORMATION_FORMAT = dwarf;
				ENABLE_STRICT_OBJC_MSGSEND = YES;
				ENABLE_TESTABILITY = YES;
				ENABLE_USER_SCRIPT_SANDBOXING = YES;
				GCC_C_LANGUAGE_STANDARD = gnu17;
				GCC_DYNAMIC_NO_PIC = NO;
				GCC_NO_COMMON_BLOCKS = YES;
				GCC_OPTIMIZATION_LEVEL = 0;
				GCC_PREPROCESSOR_DEFINITIONS = (
					"DEBUG=1",
					"$(inherited)",
				);
				GCC_WARN_64_TO_32_BIT_CONVERSION = YES;
				GCC_WARN_ABOUT_RETURN_TYPE = YES_ERROR;
				GCC_WARN_UNDECLARED_SELECTOR = YES;
				GCC_WARN_UNINITIALIZED_AUTOS = YES_AGGRESSIVE;
				GCC_WARN_UNUSED_FUNCTION = YES;
				GCC_WARN_UNUSED_VARIABLE = YES;
				IPHONEOS_DEPLOYMENT_TARGET = 15.0;
				LOCALIZATION_PREFERS_STRING_CATALOGS = YES;
				MTL_ENABLE_DEBUG_INFO = INCLUDE_SOURCE;
				MTL_FAST_MATH = YES;
				ONLY_ACTIVE_ARCH = YES;
				SDKROOT = iphoneos;
				SWIFT_ACTIVE_COMPILATION_CONDITIONS = "DEBUG $(inherited)";
				SWIFT_OPTIMIZATION_LEVEL = "-Onone";
			};
			name = Debug;
		};
		C3435CD72C9A05240052728F /* Release */ = {
			isa = XCBuildConfiguration;
			buildSettings = {
				ALWAYS_SEARCH_USER_PATHS = NO;
				ASSETCATALOG_COMPILER_GENERATE_SWIFT_ASSET_SYMBOL_EXTENSIONS = YES;
				CLANG_ANALYZER_NONNULL = YES;
				CLANG_ANALYZER_NUMBER_OBJECT_CONVERSION = YES_AGGRESSIVE;
				CLANG_CXX_LANGUAGE_STANDARD = "gnu++20";
				CLANG_ENABLE_MODULES = YES;
				CLANG_ENABLE_OBJC_ARC = YES;
				CLANG_ENABLE_OBJC_WEAK = YES;
				CLANG_WARN_BLOCK_CAPTURE_AUTORELEASING = YES;
				CLANG_WARN_BOOL_CONVERSION = YES;
				CLANG_WARN_COMMA = YES;
				CLANG_WARN_CONSTANT_CONVERSION = YES;
				CLANG_WARN_DEPRECATED_OBJC_IMPLEMENTATIONS = YES;
				CLANG_WARN_DIRECT_OBJC_ISA_USAGE = YES_ERROR;
				CLANG_WARN_DOCUMENTATION_COMMENTS = YES;
				CLANG_WARN_EMPTY_BODY = YES;
				CLANG_WARN_ENUM_CONVERSION = YES;
				CLANG_WARN_INFINITE_RECURSION = YES;
				CLANG_WARN_INT_CONVERSION = YES;
				CLANG_WARN_NON_LITERAL_NULL_CONVERSION = YES;
				CLANG_WARN_OBJC_IMPLICIT_RETAIN_SELF = YES;
				CLANG_WARN_OBJC_LITERAL_CONVERSION = YES;
				CLANG_WARN_OBJC_ROOT_CLASS = YES_ERROR;
				CLANG_WARN_QUOTED_INCLUDE_IN_FRAMEWORK_HEADER = YES;
				CLANG_WARN_RANGE_LOOP_ANALYSIS = YES;
				CLANG_WARN_STRICT_PROTOTYPES = YES;
				CLANG_WARN_SUSPICIOUS_MOVE = YES;
				CLANG_WARN_UNGUARDED_AVAILABILITY = YES_AGGRESSIVE;
				CLANG_WARN_UNREACHABLE_CODE = YES;
				CLANG_WARN__DUPLICATE_METHOD_MATCH = YES;
				COPY_PHASE_STRIP = NO;
				DEBUG_INFORMATION_FORMAT = "dwarf-with-dsym";
				ENABLE_NS_ASSERTIONS = NO;
				ENABLE_STRICT_OBJC_MSGSEND = YES;
				ENABLE_USER_SCRIPT_SANDBOXING = YES;
				GCC_C_LANGUAGE_STANDARD = gnu17;
				GCC_NO_COMMON_BLOCKS = YES;
				GCC_WARN_64_TO_32_BIT_CONVERSION = YES;
				GCC_WARN_ABOUT_RETURN_TYPE = YES_ERROR;
				GCC_WARN_UNDECLARED_SELECTOR = YES;
				GCC_WARN_UNINITIALIZED_AUTOS = YES_AGGRESSIVE;
				GCC_WARN_UNUSED_FUNCTION = YES;
				GCC_WARN_UNUSED_VARIABLE = YES;
				IPHONEOS_DEPLOYMENT_TARGET = 15.0;
				LOCALIZATION_PREFERS_STRING_CATALOGS = YES;
				MTL_ENABLE_DEBUG_INFO = NO;
				MTL_FAST_MATH = YES;
				SDKROOT = iphoneos;
				SWIFT_COMPILATION_MODE = wholemodule;
				VALIDATE_PRODUCT = YES;
			};
			name = Release;
		};
		C3435CD92C9A05240052728F /* Debug */ = {
			isa = XCBuildConfiguration;
			buildSettings = {
				ASSETCATALOG_COMPILER_APPICON_NAME = AppIcon;
				ASSETCATALOG_COMPILER_GLOBAL_ACCENT_COLOR_NAME = AccentColor;
				CODE_SIGN_STYLE = Automatic;
				CURRENT_PROJECT_VERSION = 1;
				DEVELOPMENT_ASSET_PATHS = "\"My_Clean-Architecture/Preview Content\"";
				DEVELOPMENT_TEAM = 48S4T8HCYX;
				ENABLE_PREVIEWS = YES;
				GENERATE_INFOPLIST_FILE = YES;
				INFOPLIST_KEY_UIApplicationSceneManifest_Generation = YES;
				INFOPLIST_KEY_UIApplicationSupportsIndirectInputEvents = YES;
				INFOPLIST_KEY_UILaunchScreen_Generation = YES;
				INFOPLIST_KEY_UISupportedInterfaceOrientations_iPad = "UIInterfaceOrientationPortrait UIInterfaceOrientationPortraitUpsideDown UIInterfaceOrientationLandscapeLeft UIInterfaceOrientationLandscapeRight";
				INFOPLIST_KEY_UISupportedInterfaceOrientations_iPhone = "UIInterfaceOrientationPortrait UIInterfaceOrientationLandscapeLeft UIInterfaceOrientationLandscapeRight";
				IPHONEOS_DEPLOYMENT_TARGET = 15.0;
				LD_RUNPATH_SEARCH_PATHS = (
					"$(inherited)",
					"@executable_path/Frameworks",
				);
				MARKETING_VERSION = 1.0;
				PRODUCT_BUNDLE_IDENTIFIER = "com.jun.My-Clean-Architecture";
				PRODUCT_NAME = "$(TARGET_NAME)";
				SUPPORTED_PLATFORMS = "iphoneos iphonesimulator";
				SUPPORTS_MACCATALYST = NO;
				SUPPORTS_MAC_DESIGNED_FOR_IPHONE_IPAD = NO;
				SUPPORTS_XR_DESIGNED_FOR_IPHONE_IPAD = NO;
				SWIFT_EMIT_LOC_STRINGS = YES;
				SWIFT_VERSION = 5.0;
				TARGETED_DEVICE_FAMILY = "1,2";
			};
			name = Debug;
		};
		C3435CDA2C9A05240052728F /* Release */ = {
			isa = XCBuildConfiguration;
			buildSettings = {
				ASSETCATALOG_COMPILER_APPICON_NAME = AppIcon;
				ASSETCATALOG_COMPILER_GLOBAL_ACCENT_COLOR_NAME = AccentColor;
				CODE_SIGN_STYLE = Automatic;
				CURRENT_PROJECT_VERSION = 1;
				DEVELOPMENT_ASSET_PATHS = "\"My_Clean-Architecture/Preview Content\"";
				DEVELOPMENT_TEAM = 48S4T8HCYX;
				ENABLE_PREVIEWS = YES;
				GENERATE_INFOPLIST_FILE = YES;
				INFOPLIST_KEY_UIApplicationSceneManifest_Generation = YES;
				INFOPLIST_KEY_UIApplicationSupportsIndirectInputEvents = YES;
				INFOPLIST_KEY_UILaunchScreen_Generation = YES;
				INFOPLIST_KEY_UISupportedInterfaceOrientations_iPad = "UIInterfaceOrientationPortrait UIInterfaceOrientationPortraitUpsideDown UIInterfaceOrientationLandscapeLeft UIInterfaceOrientationLandscapeRight";
				INFOPLIST_KEY_UISupportedInterfaceOrientations_iPhone = "UIInterfaceOrientationPortrait UIInterfaceOrientationLandscapeLeft UIInterfaceOrientationLandscapeRight";
				IPHONEOS_DEPLOYMENT_TARGET = 15.0;
				LD_RUNPATH_SEARCH_PATHS = (
					"$(inherited)",
					"@executable_path/Frameworks",
				);
				MARKETING_VERSION = 1.0;
				PRODUCT_BUNDLE_IDENTIFIER = "com.jun.My-Clean-Architecture";
				PRODUCT_NAME = "$(TARGET_NAME)";
				SUPPORTED_PLATFORMS = "iphoneos iphonesimulator";
				SUPPORTS_MACCATALYST = NO;
				SUPPORTS_MAC_DESIGNED_FOR_IPHONE_IPAD = NO;
				SUPPORTS_XR_DESIGNED_FOR_IPHONE_IPAD = NO;
				SWIFT_EMIT_LOC_STRINGS = YES;
				SWIFT_VERSION = 5.0;
				TARGETED_DEVICE_FAMILY = "1,2";
			};
			name = Release;
		};
/* End XCBuildConfiguration section */

/* Begin XCConfigurationList section */
		C3435CC52C9A05220052728F /* Build configuration list for PBXProject "My_Clean-Architecture" */ = {
			isa = XCConfigurationList;
			buildConfigurations = (
				C3435CD62C9A05240052728F /* Debug */,
				C3435CD72C9A05240052728F /* Release */,
			);
			defaultConfigurationIsVisible = 0;
			defaultConfigurationName = Release;
		};
		C3435CD82C9A05240052728F /* Build configuration list for PBXNativeTarget "My_Clean-Architecture" */ = {
			isa = XCConfigurationList;
			buildConfigurations = (
				C3435CD92C9A05240052728F /* Debug */,
				C3435CDA2C9A05240052728F /* Release */,
			);
			defaultConfigurationIsVisible = 0;
			defaultConfigurationName = Release;
		};
/* End XCConfigurationList section */

/* Begin XCRemoteSwiftPackageReference section */
		C3435CDB2C9A05790052728F /* XCRemoteSwiftPackageReference "Alamofire" */ = {
			isa = XCRemoteSwiftPackageReference;
			repositoryURL = "https://github.com/Alamofire/Alamofire.git";
			requirement = {
				kind = upToNextMajorVersion;
				minimumVersion = 5.9.1;
			};
		};
		C3435CDE2C9A05850052728F /* XCRemoteSwiftPackageReference "Factory" */ = {
			isa = XCRemoteSwiftPackageReference;
			repositoryURL = "https://github.com/hmlongco/Factory";
			requirement = {
				kind = upToNextMajorVersion;
				minimumVersion = 2.3.2;
			};
		};
/* End XCRemoteSwiftPackageReference section */

/* Begin XCSwiftPackageProductDependency section */
		C3435CDC2C9A05790052728F /* Alamofire */ = {
			isa = XCSwiftPackageProductDependency;
			package = C3435CDB2C9A05790052728F /* XCRemoteSwiftPackageReference "Alamofire" */;
			productName = Alamofire;
		};
		C3435CDF2C9A05850052728F /* Factory */ = {
			isa = XCSwiftPackageProductDependency;
			package = C3435CDE2C9A05850052728F /* XCRemoteSwiftPackageReference "Factory" */;
			productName = Factory;
		};
/* End XCSwiftPackageProductDependency section */
	};
	rootObject = C3435CC22C9A05220052728F /* Project object */;
}
